// !$*UTF8*$!
{
	archiveVersion = 1;
	classes = {
	};
	objectVersion = 56;
	objects = {

/* Begin PBXBuildFile section */
		801141A62B55F1D300007AD4 /* AppDelegate.swift in Sources */ = {isa = PBXBuildFile; fileRef = 801141A52B55F1D300007AD4 /* AppDelegate.swift */; };
		801141A82B55F3AE00007AD4 /* NotificationPermissionsView.swift in Sources */ = {isa = PBXBuildFile; fileRef = 801141A72B55F3AE00007AD4 /* NotificationPermissionsView.swift */; };
		802BB1E12B86AEEE00CC580A /* extensionUserDefaults.swift in Sources */ = {isa = PBXBuildFile; fileRef = 802BB1E02B86AEEE00CC580A /* extensionUserDefaults.swift */; };
		80806B2C2B1FDCE6005367A7 /* FlockPocketApp.swift in Sources */ = {isa = PBXBuildFile; fileRef = 80806B2B2B1FDCE6005367A7 /* FlockPocketApp.swift */; };
		80806B2E2B1FDCE6005367A7 /* TabView.swift in Sources */ = {isa = PBXBuildFile; fileRef = 80806B2D2B1FDCE6005367A7 /* TabView.swift */; };
		80806B302B1FDCE8005367A7 /* Assets.xcassets in Resources */ = {isa = PBXBuildFile; fileRef = 80806B2F2B1FDCE8005367A7 /* Assets.xcassets */; };
		80806B332B1FDCE8005367A7 /* Preview Assets.xcassets in Resources */ = {isa = PBXBuildFile; fileRef = 80806B322B1FDCE8005367A7 /* Preview Assets.xcassets */; };
		80806B352B1FDCE8005367A7 /* Persistence.swift in Sources */ = {isa = PBXBuildFile; fileRef = 80806B342B1FDCE8005367A7 /* Persistence.swift */; };
		80806B382B1FDCE8005367A7 /* FlockPocket.xcdatamodeld in Sources */ = {isa = PBXBuildFile; fileRef = 80806B362B1FDCE8005367A7 /* FlockPocket.xcdatamodeld */; };
		808DC6BB2B52414300CE31FD /* ChatMessageBubble.swift in Sources */ = {isa = PBXBuildFile; fileRef = 808DC6BA2B52414300CE31FD /* ChatMessageBubble.swift */; };
		808DC6BD2B52425A00CE31FD /* ChatInlineTimestamps.swift in Sources */ = {isa = PBXBuildFile; fileRef = 808DC6BC2B52425A00CE31FD /* ChatInlineTimestamps.swift */; };
		808DC6C02B531E7300CE31FD /* AllThreadsView.swift in Sources */ = {isa = PBXBuildFile; fileRef = 808DC6BF2B531E7300CE31FD /* AllThreadsView.swift */; };
		808DC6C22B531E9000CE31FD /* DirectoryView.swift in Sources */ = {isa = PBXBuildFile; fileRef = 808DC6C12B531E8F00CE31FD /* DirectoryView.swift */; };
		808DC6C42B531EA700CE31FD /* SettingsView.swift in Sources */ = {isa = PBXBuildFile; fileRef = 808DC6C32B531EA700CE31FD /* SettingsView.swift */; };
		808DC6C62B5323BD00CE31FD /* extensionChatThread.swift in Sources */ = {isa = PBXBuildFile; fileRef = 808DC6C52B5323BD00CE31FD /* extensionChatThread.swift */; };
		808DC6C92B5367A000CE31FD /* LoginView.swift in Sources */ = {isa = PBXBuildFile; fileRef = 808DC6C82B5367A000CE31FD /* LoginView.swift */; };
		808DC6CC2B538AFF00CE31FD /* DirectoryMemberView.swift in Sources */ = {isa = PBXBuildFile; fileRef = 808DC6CB2B538AFF00CE31FD /* DirectoryMemberView.swift */; };
		8096BB4D2B71AD950055520F /* Sheep Bleating-SoundBible.com-1373580685.wav in Resources */ = {isa = PBXBuildFile; fileRef = 8096BB4C2B71AD950055520F /* Sheep Bleating-SoundBible.com-1373580685.wav */; };
		8096BB4F2B71ADA90055520F /* bleat.wav in Resources */ = {isa = PBXBuildFile; fileRef = 8096BB4E2B71ADA90055520F /* bleat.wav */; };
		8096BB572B7FD29E0055520F /* NotificationService.swift in Sources */ = {isa = PBXBuildFile; fileRef = 8096BB562B7FD29E0055520F /* NotificationService.swift */; };
		8096BB5B2B7FD29E0055520F /* NotificationUUIDToName.appex in Embed Foundation Extensions */ = {isa = PBXBuildFile; fileRef = 8096BB542B7FD29E0055520F /* NotificationUUIDToName.appex */; settings = {ATTRIBUTES = (RemoveHeadersOnCopy, ); }; };
		8096BB602B7FD3490055520F /* FlockPocket.xcdatamodeld in Sources */ = {isa = PBXBuildFile; fileRef = 80806B362B1FDCE8005367A7 /* FlockPocket.xcdatamodeld */; };
		8096BB612B7FD3A80055520F /* Persistence.swift in Sources */ = {isa = PBXBuildFile; fileRef = 80806B342B1FDCE8005367A7 /* Persistence.swift */; };
		80A384712B4F30AA0000374D /* WebSockets.swift in Sources */ = {isa = PBXBuildFile; fileRef = 80A384702B4F30AA0000374D /* WebSockets.swift */; };
		80A384732B4F86EC0000374D /* ProfilePhotoView.swift in Sources */ = {isa = PBXBuildFile; fileRef = 80A384722B4F86EC0000374D /* ProfilePhotoView.swift */; };
		80D6A3122B4CBC59009D5A16 /* ProfileView.swift in Sources */ = {isa = PBXBuildFile; fileRef = 80D6A3112B4CBC59009D5A16 /* ProfileView.swift */; };
		80F39D062B4F9AF600102B5E /* ChatThreadView.swift in Sources */ = {isa = PBXBuildFile; fileRef = 80F39D052B4F9AF600102B5E /* ChatThreadView.swift */; };
		80F56FD42B5DB60500FD19B9 /* NotificationHandler.swift in Sources */ = {isa = PBXBuildFile; fileRef = 80F56FD32B5DB60500FD19B9 /* NotificationHandler.swift */; };
		80F56FD62B5DB6EC00FD19B9 /* NotificationViewModifier.swift in Sources */ = {isa = PBXBuildFile; fileRef = 80F56FD52B5DB6EC00FD19B9 /* NotificationViewModifier.swift */; };
		80F56FD82B5DB77000FD19B9 /* View+Notifications.swift in Sources */ = {isa = PBXBuildFile; fileRef = 80F56FD72B5DB77000FD19B9 /* View+Notifications.swift */; };
/* End PBXBuildFile section */

/* Begin PBXContainerItemProxy section */
		8096BB592B7FD29E0055520F /* PBXContainerItemProxy */ = {
			isa = PBXContainerItemProxy;
			containerPortal = 80806B202B1FDCE6005367A7 /* Project object */;
			proxyType = 1;
			remoteGlobalIDString = 8096BB532B7FD29E0055520F;
			remoteInfo = NotificationUUIDToName;
		};
/* End PBXContainerItemProxy section */

/* Begin PBXCopyFilesBuildPhase section */
		8096BB5F2B7FD29E0055520F /* Embed Foundation Extensions */ = {
			isa = PBXCopyFilesBuildPhase;
			buildActionMask = 2147483647;
			dstPath = "";
			dstSubfolderSpec = 13;
			files = (
				8096BB5B2B7FD29E0055520F /* NotificationUUIDToName.appex in Embed Foundation Extensions */,
			);
			name = "Embed Foundation Extensions";
			runOnlyForDeploymentPostprocessing = 0;
		};
/* End PBXCopyFilesBuildPhase section */

/* Begin PBXFileReference section */
		801141A42B55EDB500007AD4 /* FlockPocket.entitlements */ = {isa = PBXFileReference; lastKnownFileType = text.plist.entitlements; path = FlockPocket.entitlements; sourceTree = "<group>"; };
		801141A52B55F1D300007AD4 /* AppDelegate.swift */ = {isa = PBXFileReference; lastKnownFileType = sourcecode.swift; path = AppDelegate.swift; sourceTree = "<group>"; };
		801141A72B55F3AE00007AD4 /* NotificationPermissionsView.swift */ = {isa = PBXFileReference; lastKnownFileType = sourcecode.swift; path = NotificationPermissionsView.swift; sourceTree = "<group>"; };
		802BB1E02B86AEEE00CC580A /* extensionUserDefaults.swift */ = {isa = PBXFileReference; lastKnownFileType = sourcecode.swift; path = extensionUserDefaults.swift; sourceTree = "<group>"; };
		804949632B3F1FB300B75692 /* Info.plist */ = {isa = PBXFileReference; lastKnownFileType = text.plist; path = Info.plist; sourceTree = "<group>"; };
		80806B282B1FDCE6005367A7 /* FlockPocket.app */ = {isa = PBXFileReference; explicitFileType = wrapper.application; includeInIndex = 0; path = FlockPocket.app; sourceTree = BUILT_PRODUCTS_DIR; };
		80806B2B2B1FDCE6005367A7 /* FlockPocketApp.swift */ = {isa = PBXFileReference; lastKnownFileType = sourcecode.swift; path = FlockPocketApp.swift; sourceTree = "<group>"; };
		80806B2D2B1FDCE6005367A7 /* TabView.swift */ = {isa = PBXFileReference; lastKnownFileType = sourcecode.swift; path = TabView.swift; sourceTree = "<group>"; };
		80806B2F2B1FDCE8005367A7 /* Assets.xcassets */ = {isa = PBXFileReference; lastKnownFileType = folder.assetcatalog; path = Assets.xcassets; sourceTree = "<group>"; };
		80806B322B1FDCE8005367A7 /* Preview Assets.xcassets */ = {isa = PBXFileReference; lastKnownFileType = folder.assetcatalog; path = "Preview Assets.xcassets"; sourceTree = "<group>"; };
		80806B342B1FDCE8005367A7 /* Persistence.swift */ = {isa = PBXFileReference; lastKnownFileType = sourcecode.swift; path = Persistence.swift; sourceTree = "<group>"; };
		80806B372B1FDCE8005367A7 /* FlockPocket.xcdatamodel */ = {isa = PBXFileReference; lastKnownFileType = wrapper.xcdatamodel; path = FlockPocket.xcdatamodel; sourceTree = "<group>"; };
		808DC6BA2B52414300CE31FD /* ChatMessageBubble.swift */ = {isa = PBXFileReference; lastKnownFileType = sourcecode.swift; path = ChatMessageBubble.swift; sourceTree = "<group>"; };
		808DC6BC2B52425A00CE31FD /* ChatInlineTimestamps.swift */ = {isa = PBXFileReference; lastKnownFileType = sourcecode.swift; path = ChatInlineTimestamps.swift; sourceTree = "<group>"; };
		808DC6BF2B531E7300CE31FD /* AllThreadsView.swift */ = {isa = PBXFileReference; lastKnownFileType = sourcecode.swift; path = AllThreadsView.swift; sourceTree = "<group>"; };
		808DC6C12B531E8F00CE31FD /* DirectoryView.swift */ = {isa = PBXFileReference; lastKnownFileType = sourcecode.swift; path = DirectoryView.swift; sourceTree = "<group>"; };
		808DC6C32B531EA700CE31FD /* SettingsView.swift */ = {isa = PBXFileReference; lastKnownFileType = sourcecode.swift; path = SettingsView.swift; sourceTree = "<group>"; };
		808DC6C52B5323BD00CE31FD /* extensionChatThread.swift */ = {isa = PBXFileReference; lastKnownFileType = sourcecode.swift; path = extensionChatThread.swift; sourceTree = "<group>"; };
		808DC6C82B5367A000CE31FD /* LoginView.swift */ = {isa = PBXFileReference; lastKnownFileType = sourcecode.swift; path = LoginView.swift; sourceTree = "<group>"; };
		808DC6CB2B538AFF00CE31FD /* DirectoryMemberView.swift */ = {isa = PBXFileReference; lastKnownFileType = sourcecode.swift; path = DirectoryMemberView.swift; sourceTree = "<group>"; };
		8096BB4C2B71AD950055520F /* Sheep Bleating-SoundBible.com-1373580685.wav */ = {isa = PBXFileReference; lastKnownFileType = audio.wav; path = "Sheep Bleating-SoundBible.com-1373580685.wav"; sourceTree = "<group>"; };
		8096BB4E2B71ADA90055520F /* bleat.wav */ = {isa = PBXFileReference; lastKnownFileType = audio.wav; path = bleat.wav; sourceTree = "<group>"; };
		8096BB542B7FD29E0055520F /* NotificationUUIDToName.appex */ = {isa = PBXFileReference; explicitFileType = "wrapper.app-extension"; includeInIndex = 0; path = NotificationUUIDToName.appex; sourceTree = BUILT_PRODUCTS_DIR; };
		8096BB562B7FD29E0055520F /* NotificationService.swift */ = {isa = PBXFileReference; lastKnownFileType = sourcecode.swift; path = NotificationService.swift; sourceTree = "<group>"; };
		8096BB582B7FD29E0055520F /* Info.plist */ = {isa = PBXFileReference; lastKnownFileType = text.plist.xml; path = Info.plist; sourceTree = "<group>"; };
		8096BB622B7FE1030055520F /* NotificationUUIDToName.entitlements */ = {isa = PBXFileReference; lastKnownFileType = text.plist.entitlements; path = NotificationUUIDToName.entitlements; sourceTree = "<group>"; };
		80A384702B4F30AA0000374D /* WebSockets.swift */ = {isa = PBXFileReference; lastKnownFileType = sourcecode.swift; path = WebSockets.swift; sourceTree = "<group>"; };
		80A384722B4F86EC0000374D /* ProfilePhotoView.swift */ = {isa = PBXFileReference; lastKnownFileType = sourcecode.swift; path = ProfilePhotoView.swift; sourceTree = "<group>"; };
		80D6A3112B4CBC59009D5A16 /* ProfileView.swift */ = {isa = PBXFileReference; lastKnownFileType = sourcecode.swift; path = ProfileView.swift; sourceTree = "<group>"; };
		80F39D052B4F9AF600102B5E /* ChatThreadView.swift */ = {isa = PBXFileReference; lastKnownFileType = sourcecode.swift; path = ChatThreadView.swift; sourceTree = "<group>"; };
		80F56FD32B5DB60500FD19B9 /* NotificationHandler.swift */ = {isa = PBXFileReference; lastKnownFileType = sourcecode.swift; path = NotificationHandler.swift; sourceTree = "<group>"; };
		80F56FD52B5DB6EC00FD19B9 /* NotificationViewModifier.swift */ = {isa = PBXFileReference; lastKnownFileType = sourcecode.swift; path = NotificationViewModifier.swift; sourceTree = "<group>"; };
		80F56FD72B5DB77000FD19B9 /* View+Notifications.swift */ = {isa = PBXFileReference; lastKnownFileType = sourcecode.swift; path = "View+Notifications.swift"; sourceTree = "<group>"; };
/* End PBXFileReference section */

/* Begin PBXFrameworksBuildPhase section */
		80806B252B1FDCE6005367A7 /* Frameworks */ = {
			isa = PBXFrameworksBuildPhase;
			buildActionMask = 2147483647;
			files = (
			);
			runOnlyForDeploymentPostprocessing = 0;
		};
		8096BB512B7FD29E0055520F /* Frameworks */ = {
			isa = PBXFrameworksBuildPhase;
			buildActionMask = 2147483647;
			files = (
			);
			runOnlyForDeploymentPostprocessing = 0;
		};
/* End PBXFrameworksBuildPhase section */

/* Begin PBXGroup section */
		80806B1F2B1FDCE6005367A7 = {
			isa = PBXGroup;
			children = (
				8096BB4E2B71ADA90055520F /* bleat.wav */,
				80806B2A2B1FDCE6005367A7 /* FlockPocket */,
				8096BB552B7FD29E0055520F /* NotificationUUIDToName */,
				80806B292B1FDCE6005367A7 /* Products */,
			);
			sourceTree = "<group>";
		};
		80806B292B1FDCE6005367A7 /* Products */ = {
			isa = PBXGroup;
			children = (
				80806B282B1FDCE6005367A7 /* FlockPocket.app */,
				8096BB542B7FD29E0055520F /* NotificationUUIDToName.appex */,
			);
			name = Products;
			sourceTree = "<group>";
		};
		80806B2A2B1FDCE6005367A7 /* FlockPocket */ = {
			isa = PBXGroup;
			children = (
				801141A42B55EDB500007AD4 /* FlockPocket.entitlements */,
				804949632B3F1FB300B75692 /* Info.plist */,
				80806B2B2B1FDCE6005367A7 /* FlockPocketApp.swift */,
				801141A52B55F1D300007AD4 /* AppDelegate.swift */,
				80F56FD92B5EC05F00FD19B9 /* Notifications */,
				808DC6BE2B531E5700CE31FD /* Tabs */,
				80A384702B4F30AA0000374D /* WebSockets.swift */,
				80D6A3112B4CBC59009D5A16 /* ProfileView.swift */,
				80A384722B4F86EC0000374D /* ProfilePhotoView.swift */,
				808DC6C52B5323BD00CE31FD /* extensionChatThread.swift */,
				802BB1E02B86AEEE00CC580A /* extensionUserDefaults.swift */,
				80806B2F2B1FDCE8005367A7 /* Assets.xcassets */,
				80806B342B1FDCE8005367A7 /* Persistence.swift */,
				80806B362B1FDCE8005367A7 /* FlockPocket.xcdatamodeld */,
				80806B312B1FDCE8005367A7 /* Preview Content */,
			);
			path = FlockPocket;
			sourceTree = "<group>";
		};
		80806B312B1FDCE8005367A7 /* Preview Content */ = {
			isa = PBXGroup;
			children = (
				8096BB4C2B71AD950055520F /* Sheep Bleating-SoundBible.com-1373580685.wav */,
				80806B322B1FDCE8005367A7 /* Preview Assets.xcassets */,
			);
			path = "Preview Content";
			sourceTree = "<group>";
		};
		808DC6B72B5240FB00CE31FD /* Chat */ = {
			isa = PBXGroup;
			children = (
				808DC6BF2B531E7300CE31FD /* AllThreadsView.swift */,
				80F39D052B4F9AF600102B5E /* ChatThreadView.swift */,
				808DC6BA2B52414300CE31FD /* ChatMessageBubble.swift */,
				808DC6BC2B52425A00CE31FD /* ChatInlineTimestamps.swift */,
			);
			path = Chat;
			sourceTree = "<group>";
		};
		808DC6BE2B531E5700CE31FD /* Tabs */ = {
			isa = PBXGroup;
			children = (
				80806B2D2B1FDCE6005367A7 /* TabView.swift */,
				808DC6C72B53679800CE31FD /* Settings */,
				808DC6CA2B538AE500CE31FD /* Directory */,
				808DC6B72B5240FB00CE31FD /* Chat */,
			);
			path = Tabs;
			sourceTree = "<group>";
		};
		808DC6C72B53679800CE31FD /* Settings */ = {
			isa = PBXGroup;
			children = (
				801141A72B55F3AE00007AD4 /* NotificationPermissionsView.swift */,
				808DC6C32B531EA700CE31FD /* SettingsView.swift */,
				808DC6C82B5367A000CE31FD /* LoginView.swift */,
			);
			path = Settings;
			sourceTree = "<group>";
		};
		808DC6CA2B538AE500CE31FD /* Directory */ = {
			isa = PBXGroup;
			children = (
				808DC6C12B531E8F00CE31FD /* DirectoryView.swift */,
				808DC6CB2B538AFF00CE31FD /* DirectoryMemberView.swift */,
			);
			path = Directory;
			sourceTree = "<group>";
		};
		8096BB552B7FD29E0055520F /* NotificationUUIDToName */ = {
			isa = PBXGroup;
			children = (
				8096BB622B7FE1030055520F /* NotificationUUIDToName.entitlements */,
				8096BB562B7FD29E0055520F /* NotificationService.swift */,
				8096BB582B7FD29E0055520F /* Info.plist */,
			);
			path = NotificationUUIDToName;
			sourceTree = "<group>";
		};
		80F56FD92B5EC05F00FD19B9 /* Notifications */ = {
			isa = PBXGroup;
			children = (
				80F56FD32B5DB60500FD19B9 /* NotificationHandler.swift */,
				80F56FD52B5DB6EC00FD19B9 /* NotificationViewModifier.swift */,
				80F56FD72B5DB77000FD19B9 /* View+Notifications.swift */,
			);
			path = Notifications;
			sourceTree = "<group>";
		};
/* End PBXGroup section */

/* Begin PBXNativeTarget section */
		80806B272B1FDCE6005367A7 /* FlockPocket */ = {
			isa = PBXNativeTarget;
			buildConfigurationList = 80806B3B2B1FDCE8005367A7 /* Build configuration list for PBXNativeTarget "FlockPocket" */;
			buildPhases = (
				80806B242B1FDCE6005367A7 /* Sources */,
				80806B252B1FDCE6005367A7 /* Frameworks */,
				80806B262B1FDCE6005367A7 /* Resources */,
				8096BB5F2B7FD29E0055520F /* Embed Foundation Extensions */,
			);
			buildRules = (
			);
			dependencies = (
				8096BB5A2B7FD29E0055520F /* PBXTargetDependency */,
			);
			name = FlockPocket;
			productName = FlockPocket;
			productReference = 80806B282B1FDCE6005367A7 /* FlockPocket.app */;
			productType = "com.apple.product-type.application";
		};
		8096BB532B7FD29E0055520F /* NotificationUUIDToName */ = {
			isa = PBXNativeTarget;
			buildConfigurationList = 8096BB5C2B7FD29E0055520F /* Build configuration list for PBXNativeTarget "NotificationUUIDToName" */;
			buildPhases = (
				8096BB502B7FD29E0055520F /* Sources */,
				8096BB512B7FD29E0055520F /* Frameworks */,
				8096BB522B7FD29E0055520F /* Resources */,
			);
			buildRules = (
			);
			dependencies = (
			);
			name = NotificationUUIDToName;
			productName = NotificationUUIDToName;
			productReference = 8096BB542B7FD29E0055520F /* NotificationUUIDToName.appex */;
			productType = "com.apple.product-type.app-extension";
		};
/* End PBXNativeTarget section */

/* Begin PBXProject section */
		80806B202B1FDCE6005367A7 /* Project object */ = {
			isa = PBXProject;
			attributes = {
				BuildIndependentTargetsInParallel = 1;
				LastSwiftUpdateCheck = 1520;
				LastUpgradeCheck = 1500;
				TargetAttributes = {
					80806B272B1FDCE6005367A7 = {
						CreatedOnToolsVersion = 15.0.1;
					};
					8096BB532B7FD29E0055520F = {
						CreatedOnToolsVersion = 15.2;
					};
				};
			};
			buildConfigurationList = 80806B232B1FDCE6005367A7 /* Build configuration list for PBXProject "FlockPocket" */;
			compatibilityVersion = "Xcode 14.0";
			developmentRegion = en;
			hasScannedForEncodings = 0;
			knownRegions = (
				en,
				Base,
			);
			mainGroup = 80806B1F2B1FDCE6005367A7;
			productRefGroup = 80806B292B1FDCE6005367A7 /* Products */;
			projectDirPath = "";
			projectRoot = "";
			targets = (
				80806B272B1FDCE6005367A7 /* FlockPocket */,
				8096BB532B7FD29E0055520F /* NotificationUUIDToName */,
			);
		};
/* End PBXProject section */

/* Begin PBXResourcesBuildPhase section */
		80806B262B1FDCE6005367A7 /* Resources */ = {
			isa = PBXResourcesBuildPhase;
			buildActionMask = 2147483647;
			files = (
				80806B332B1FDCE8005367A7 /* Preview Assets.xcassets in Resources */,
				8096BB4D2B71AD950055520F /* Sheep Bleating-SoundBible.com-1373580685.wav in Resources */,
				80806B302B1FDCE8005367A7 /* Assets.xcassets in Resources */,
				8096BB4F2B71ADA90055520F /* bleat.wav in Resources */,
			);
			runOnlyForDeploymentPostprocessing = 0;
		};
		8096BB522B7FD29E0055520F /* Resources */ = {
			isa = PBXResourcesBuildPhase;
			buildActionMask = 2147483647;
			files = (
			);
			runOnlyForDeploymentPostprocessing = 0;
		};
/* End PBXResourcesBuildPhase section */

/* Begin PBXSourcesBuildPhase section */
		80806B242B1FDCE6005367A7 /* Sources */ = {
			isa = PBXSourcesBuildPhase;
			buildActionMask = 2147483647;
			files = (
				808DC6C02B531E7300CE31FD /* AllThreadsView.swift in Sources */,
				80806B352B1FDCE8005367A7 /* Persistence.swift in Sources */,
				80F56FD62B5DB6EC00FD19B9 /* NotificationViewModifier.swift in Sources */,
				80A384712B4F30AA0000374D /* WebSockets.swift in Sources */,
				808DC6C92B5367A000CE31FD /* LoginView.swift in Sources */,
				80F39D062B4F9AF600102B5E /* ChatThreadView.swift in Sources */,
				80806B382B1FDCE8005367A7 /* FlockPocket.xcdatamodeld in Sources */,
				80D6A3122B4CBC59009D5A16 /* ProfileView.swift in Sources */,
				808DC6C22B531E9000CE31FD /* DirectoryView.swift in Sources */,
				808DC6BB2B52414300CE31FD /* ChatMessageBubble.swift in Sources */,
				80A384732B4F86EC0000374D /* ProfilePhotoView.swift in Sources */,
				801141A82B55F3AE00007AD4 /* NotificationPermissionsView.swift in Sources */,
				80F56FD82B5DB77000FD19B9 /* View+Notifications.swift in Sources */,
				808DC6BD2B52425A00CE31FD /* ChatInlineTimestamps.swift in Sources */,
				80806B2E2B1FDCE6005367A7 /* TabView.swift in Sources */,
				808DC6CC2B538AFF00CE31FD /* DirectoryMemberView.swift in Sources */,
				802BB1E12B86AEEE00CC580A /* extensionUserDefaults.swift in Sources */,
				808DC6C62B5323BD00CE31FD /* extensionChatThread.swift in Sources */,
				80806B2C2B1FDCE6005367A7 /* FlockPocketApp.swift in Sources */,
				801141A62B55F1D300007AD4 /* AppDelegate.swift in Sources */,
				80F56FD42B5DB60500FD19B9 /* NotificationHandler.swift in Sources */,
				808DC6C42B531EA700CE31FD /* SettingsView.swift in Sources */,
			);
			runOnlyForDeploymentPostprocessing = 0;
		};
		8096BB502B7FD29E0055520F /* Sources */ = {
			isa = PBXSourcesBuildPhase;
			buildActionMask = 2147483647;
			files = (
				8096BB612B7FD3A80055520F /* Persistence.swift in Sources */,
				8096BB572B7FD29E0055520F /* NotificationService.swift in Sources */,
				8096BB602B7FD3490055520F /* FlockPocket.xcdatamodeld in Sources */,
			);
			runOnlyForDeploymentPostprocessing = 0;
		};
/* End PBXSourcesBuildPhase section */

/* Begin PBXTargetDependency section */
		8096BB5A2B7FD29E0055520F /* PBXTargetDependency */ = {
			isa = PBXTargetDependency;
			target = 8096BB532B7FD29E0055520F /* NotificationUUIDToName */;
			targetProxy = 8096BB592B7FD29E0055520F /* PBXContainerItemProxy */;
		};
/* End PBXTargetDependency section */

/* Begin XCBuildConfiguration section */
		80806B392B1FDCE8005367A7 /* Debug */ = {
			isa = XCBuildConfiguration;
			buildSettings = {
				ALWAYS_SEARCH_USER_PATHS = NO;
				ASSETCATALOG_COMPILER_GENERATE_SWIFT_ASSET_SYMBOL_EXTENSIONS = YES;
				CLANG_ANALYZER_NONNULL = YES;
				CLANG_ANALYZER_NUMBER_OBJECT_CONVERSION = YES_AGGRESSIVE;
				CLANG_CXX_LANGUAGE_STANDARD = "gnu++20";
				CLANG_ENABLE_MODULES = YES;
				CLANG_ENABLE_OBJC_ARC = YES;
				CLANG_ENABLE_OBJC_WEAK = YES;
				CLANG_WARN_BLOCK_CAPTURE_AUTORELEASING = YES;
				CLANG_WARN_BOOL_CONVERSION = YES;
				CLANG_WARN_COMMA = YES;
				CLANG_WARN_CONSTANT_CONVERSION = YES;
				CLANG_WARN_DEPRECATED_OBJC_IMPLEMENTATIONS = YES;
				CLANG_WARN_DIRECT_OBJC_ISA_USAGE = YES_ERROR;
				CLANG_WARN_DOCUMENTATION_COMMENTS = YES;
				CLANG_WARN_EMPTY_BODY = YES;
				CLANG_WARN_ENUM_CONVERSION = YES;
				CLANG_WARN_INFINITE_RECURSION = YES;
				CLANG_WARN_INT_CONVERSION = YES;
				CLANG_WARN_NON_LITERAL_NULL_CONVERSION = YES;
				CLANG_WARN_OBJC_IMPLICIT_RETAIN_SELF = YES;
				CLANG_WARN_OBJC_LITERAL_CONVERSION = YES;
				CLANG_WARN_OBJC_ROOT_CLASS = YES_ERROR;
				CLANG_WARN_QUOTED_INCLUDE_IN_FRAMEWORK_HEADER = YES;
				CLANG_WARN_RANGE_LOOP_ANALYSIS = YES;
				CLANG_WARN_STRICT_PROTOTYPES = YES;
				CLANG_WARN_SUSPICIOUS_MOVE = YES;
				CLANG_WARN_UNGUARDED_AVAILABILITY = YES_AGGRESSIVE;
				CLANG_WARN_UNREACHABLE_CODE = YES;
				CLANG_WARN__DUPLICATE_METHOD_MATCH = YES;
				COPY_PHASE_STRIP = NO;
				DEBUG_INFORMATION_FORMAT = dwarf;
				ENABLE_STRICT_OBJC_MSGSEND = YES;
				ENABLE_TESTABILITY = YES;
				ENABLE_USER_SCRIPT_SANDBOXING = YES;
				GCC_C_LANGUAGE_STANDARD = gnu17;
				GCC_DYNAMIC_NO_PIC = NO;
				GCC_NO_COMMON_BLOCKS = YES;
				GCC_OPTIMIZATION_LEVEL = 0;
				GCC_PREPROCESSOR_DEFINITIONS = (
					"DEBUG=1",
					"$(inherited)",
				);
				GCC_WARN_64_TO_32_BIT_CONVERSION = YES;
				GCC_WARN_ABOUT_RETURN_TYPE = YES_ERROR;
				GCC_WARN_UNDECLARED_SELECTOR = YES;
				GCC_WARN_UNINITIALIZED_AUTOS = YES_AGGRESSIVE;
				GCC_WARN_UNUSED_FUNCTION = YES;
				GCC_WARN_UNUSED_VARIABLE = YES;
				IPHONEOS_DEPLOYMENT_TARGET = 17.0;
				LOCALIZATION_PREFERS_STRING_CATALOGS = YES;
				MTL_ENABLE_DEBUG_INFO = INCLUDE_SOURCE;
				MTL_FAST_MATH = YES;
				ONLY_ACTIVE_ARCH = YES;
				SDKROOT = iphoneos;
				SUPPORTED_PLATFORMS = "iphonesimulator iphoneos";
				SWIFT_ACTIVE_COMPILATION_CONDITIONS = "DEBUG $(inherited)";
				SWIFT_OPTIMIZATION_LEVEL = "-Onone";
			};
			name = Debug;
		};
		80806B3A2B1FDCE8005367A7 /* Release */ = {
			isa = XCBuildConfiguration;
			buildSettings = {
				ALWAYS_SEARCH_USER_PATHS = NO;
				ASSETCATALOG_COMPILER_GENERATE_SWIFT_ASSET_SYMBOL_EXTENSIONS = YES;
				CLANG_ANALYZER_NONNULL = YES;
				CLANG_ANALYZER_NUMBER_OBJECT_CONVERSION = YES_AGGRESSIVE;
				CLANG_CXX_LANGUAGE_STANDARD = "gnu++20";
				CLANG_ENABLE_MODULES = YES;
				CLANG_ENABLE_OBJC_ARC = YES;
				CLANG_ENABLE_OBJC_WEAK = YES;
				CLANG_WARN_BLOCK_CAPTURE_AUTORELEASING = YES;
				CLANG_WARN_BOOL_CONVERSION = YES;
				CLANG_WARN_COMMA = YES;
				CLANG_WARN_CONSTANT_CONVERSION = YES;
				CLANG_WARN_DEPRECATED_OBJC_IMPLEMENTATIONS = YES;
				CLANG_WARN_DIRECT_OBJC_ISA_USAGE = YES_ERROR;
				CLANG_WARN_DOCUMENTATION_COMMENTS = YES;
				CLANG_WARN_EMPTY_BODY = YES;
				CLANG_WARN_ENUM_CONVERSION = YES;
				CLANG_WARN_INFINITE_RECURSION = YES;
				CLANG_WARN_INT_CONVERSION = YES;
				CLANG_WARN_NON_LITERAL_NULL_CONVERSION = YES;
				CLANG_WARN_OBJC_IMPLICIT_RETAIN_SELF = YES;
				CLANG_WARN_OBJC_LITERAL_CONVERSION = YES;
				CLANG_WARN_OBJC_ROOT_CLASS = YES_ERROR;
				CLANG_WARN_QUOTED_INCLUDE_IN_FRAMEWORK_HEADER = YES;
				CLANG_WARN_RANGE_LOOP_ANALYSIS = YES;
				CLANG_WARN_STRICT_PROTOTYPES = YES;
				CLANG_WARN_SUSPICIOUS_MOVE = YES;
				CLANG_WARN_UNGUARDED_AVAILABILITY = YES_AGGRESSIVE;
				CLANG_WARN_UNREACHABLE_CODE = YES;
				CLANG_WARN__DUPLICATE_METHOD_MATCH = YES;
				COPY_PHASE_STRIP = NO;
				DEBUG_INFORMATION_FORMAT = "dwarf-with-dsym";
				ENABLE_NS_ASSERTIONS = NO;
				ENABLE_STRICT_OBJC_MSGSEND = YES;
				ENABLE_USER_SCRIPT_SANDBOXING = YES;
				GCC_C_LANGUAGE_STANDARD = gnu17;
				GCC_NO_COMMON_BLOCKS = YES;
				GCC_WARN_64_TO_32_BIT_CONVERSION = YES;
				GCC_WARN_ABOUT_RETURN_TYPE = YES_ERROR;
				GCC_WARN_UNDECLARED_SELECTOR = YES;
				GCC_WARN_UNINITIALIZED_AUTOS = YES_AGGRESSIVE;
				GCC_WARN_UNUSED_FUNCTION = YES;
				GCC_WARN_UNUSED_VARIABLE = YES;
				IPHONEOS_DEPLOYMENT_TARGET = 17.0;
				LOCALIZATION_PREFERS_STRING_CATALOGS = YES;
				MTL_ENABLE_DEBUG_INFO = NO;
				MTL_FAST_MATH = YES;
				SDKROOT = iphoneos;
				SUPPORTED_PLATFORMS = "iphonesimulator iphoneos";
				SWIFT_COMPILATION_MODE = wholemodule;
				VALIDATE_PRODUCT = YES;
			};
			name = Release;
		};
		80806B3C2B1FDCE8005367A7 /* Debug */ = {
			isa = XCBuildConfiguration;
			buildSettings = {
				ALWAYS_EMBED_SWIFT_STANDARD_LIBRARIES = YES;
				ASSETCATALOG_COMPILER_APPICON_NAME = AppIcon;
				ASSETCATALOG_COMPILER_GLOBAL_ACCENT_COLOR_NAME = AccentColor;
				CODE_SIGN_ENTITLEMENTS = FlockPocket/FlockPocket.entitlements;
				CODE_SIGN_STYLE = Automatic;
				CURRENT_PROJECT_VERSION = 1;
				DEVELOPMENT_ASSET_PATHS = "\"FlockPocket/Preview Content\"";
				DEVELOPMENT_TEAM = PK7HCG46US;
				ENABLE_PREVIEWS = YES;
				GENERATE_INFOPLIST_FILE = YES;
				INFOPLIST_FILE = FlockPocket/Info.plist;
				INFOPLIST_KEY_LSApplicationCategoryType = "";
				INFOPLIST_KEY_UIApplicationSceneManifest_Generation = YES;
				INFOPLIST_KEY_UIApplicationSupportsIndirectInputEvents = YES;
				INFOPLIST_KEY_UILaunchScreen_Generation = YES;
				INFOPLIST_KEY_UISupportedInterfaceOrientations_iPad = "UIInterfaceOrientationPortrait UIInterfaceOrientationPortraitUpsideDown UIInterfaceOrientationLandscapeLeft UIInterfaceOrientationLandscapeRight";
				INFOPLIST_KEY_UISupportedInterfaceOrientations_iPhone = "UIInterfaceOrientationPortrait UIInterfaceOrientationLandscapeLeft UIInterfaceOrientationLandscapeRight";
				LD_RUNPATH_SEARCH_PATHS = (
					"$(inherited)",
					"@executable_path/Frameworks",
				);
				MARKETING_VERSION = 1.0;
				PRODUCT_BUNDLE_IDENTIFIER = net.snowskeleton.FlockPocket;
				PRODUCT_NAME = "$(TARGET_NAME)";
				SWIFT_EMIT_LOC_STRINGS = YES;
				SWIFT_VERSION = 5.0;
				TARGETED_DEVICE_FAMILY = "1,2";
			};
			name = Debug;
		};
		80806B3D2B1FDCE8005367A7 /* Release */ = {
			isa = XCBuildConfiguration;
			buildSettings = {
				ALWAYS_EMBED_SWIFT_STANDARD_LIBRARIES = YES;
				ASSETCATALOG_COMPILER_APPICON_NAME = AppIcon;
				ASSETCATALOG_COMPILER_GLOBAL_ACCENT_COLOR_NAME = AccentColor;
				CODE_SIGN_ENTITLEMENTS = FlockPocket/FlockPocket.entitlements;
				CODE_SIGN_STYLE = Automatic;
				CURRENT_PROJECT_VERSION = 1;
				DEVELOPMENT_ASSET_PATHS = "\"FlockPocket/Preview Content\"";
				DEVELOPMENT_TEAM = PK7HCG46US;
				ENABLE_PREVIEWS = YES;
				GENERATE_INFOPLIST_FILE = YES;
				INFOPLIST_FILE = FlockPocket/Info.plist;
				INFOPLIST_KEY_LSApplicationCategoryType = "";
				INFOPLIST_KEY_UIApplicationSceneManifest_Generation = YES;
				INFOPLIST_KEY_UIApplicationSupportsIndirectInputEvents = YES;
				INFOPLIST_KEY_UILaunchScreen_Generation = YES;
				INFOPLIST_KEY_UISupportedInterfaceOrientations_iPad = "UIInterfaceOrientationPortrait UIInterfaceOrientationPortraitUpsideDown UIInterfaceOrientationLandscapeLeft UIInterfaceOrientationLandscapeRight";
				INFOPLIST_KEY_UISupportedInterfaceOrientations_iPhone = "UIInterfaceOrientationPortrait UIInterfaceOrientationLandscapeLeft UIInterfaceOrientationLandscapeRight";
				LD_RUNPATH_SEARCH_PATHS = (
					"$(inherited)",
					"@executable_path/Frameworks",
				);
				MARKETING_VERSION = 1.0;
				PRODUCT_BUNDLE_IDENTIFIER = net.snowskeleton.FlockPocket;
				PRODUCT_NAME = "$(TARGET_NAME)";
				SWIFT_EMIT_LOC_STRINGS = YES;
				SWIFT_VERSION = 5.0;
				TARGETED_DEVICE_FAMILY = "1,2";
			};
			name = Release;
		};
		8096BB5D2B7FD29E0055520F /* Debug */ = {
			isa = XCBuildConfiguration;
			buildSettings = {
				CODE_SIGN_ENTITLEMENTS = NotificationUUIDToName/NotificationUUIDToName.entitlements;
				CODE_SIGN_STYLE = Automatic;
				CURRENT_PROJECT_VERSION = 1;
				DEVELOPMENT_TEAM = PK7HCG46US;
				GENERATE_INFOPLIST_FILE = YES;
				INFOPLIST_FILE = NotificationUUIDToName/Info.plist;
				INFOPLIST_KEY_CFBundleDisplayName = NotificationUUIDToName;
				INFOPLIST_KEY_NSHumanReadableCopyright = "";
				IPHONEOS_DEPLOYMENT_TARGET = 17.2;
				LD_RUNPATH_SEARCH_PATHS = (
					"$(inherited)",
					"@executable_path/Frameworks",
					"@executable_path/../../Frameworks",
				);
				MARKETING_VERSION = 1.0;
				PRODUCT_BUNDLE_IDENTIFIER = net.snowskeleton.FlockPocket.NotificationUUIDToName;
				PRODUCT_NAME = "$(TARGET_NAME)";
				SKIP_INSTALL = YES;
				SWIFT_EMIT_LOC_STRINGS = YES;
				SWIFT_VERSION = 5.0;
				TARGETED_DEVICE_FAMILY = "1,2";
			};
			name = Debug;
		};
		8096BB5E2B7FD29E0055520F /* Release */ = {
			isa = XCBuildConfiguration;
			buildSettings = {
				CODE_SIGN_ENTITLEMENTS = NotificationUUIDToName/NotificationUUIDToName.entitlements;
				CODE_SIGN_STYLE = Automatic;
				CURRENT_PROJECT_VERSION = 1;
				DEVELOPMENT_TEAM = PK7HCG46US;
				GENERATE_INFOPLIST_FILE = YES;
				INFOPLIST_FILE = NotificationUUIDToName/Info.plist;
				INFOPLIST_KEY_CFBundleDisplayName = NotificationUUIDToName;
				INFOPLIST_KEY_NSHumanReadableCopyright = "";
				IPHONEOS_DEPLOYMENT_TARGET = 17.2;
				LD_RUNPATH_SEARCH_PATHS = (
					"$(inherited)",
					"@executable_path/Frameworks",
					"@executable_path/../../Frameworks",
				);
				MARKETING_VERSION = 1.0;
				PRODUCT_BUNDLE_IDENTIFIER = net.snowskeleton.FlockPocket.NotificationUUIDToName;
				PRODUCT_NAME = "$(TARGET_NAME)";
				SKIP_INSTALL = YES;
				SWIFT_EMIT_LOC_STRINGS = YES;
				SWIFT_VERSION = 5.0;
				TARGETED_DEVICE_FAMILY = "1,2";
			};
			name = Release;
		};
/* End XCBuildConfiguration section */

/* Begin XCConfigurationList section */
		80806B232B1FDCE6005367A7 /* Build configuration list for PBXProject "FlockPocket" */ = {
			isa = XCConfigurationList;
			buildConfigurations = (
				80806B392B1FDCE8005367A7 /* Debug */,
				80806B3A2B1FDCE8005367A7 /* Release */,
			);
			defaultConfigurationIsVisible = 0;
			defaultConfigurationName = Release;
		};
		80806B3B2B1FDCE8005367A7 /* Build configuration list for PBXNativeTarget "FlockPocket" */ = {
			isa = XCConfigurationList;
			buildConfigurations = (
				80806B3C2B1FDCE8005367A7 /* Debug */,
				80806B3D2B1FDCE8005367A7 /* Release */,
			);
			defaultConfigurationIsVisible = 0;
			defaultConfigurationName = Release;
		};
		8096BB5C2B7FD29E0055520F /* Build configuration list for PBXNativeTarget "NotificationUUIDToName" */ = {
			isa = XCConfigurationList;
			buildConfigurations = (
				8096BB5D2B7FD29E0055520F /* Debug */,
				8096BB5E2B7FD29E0055520F /* Release */,
			);
			defaultConfigurationIsVisible = 0;
			defaultConfigurationName = Release;
		};
/* End XCConfigurationList section */

/* Begin XCVersionGroup section */
		80806B362B1FDCE8005367A7 /* FlockPocket.xcdatamodeld */ = {
			isa = XCVersionGroup;
			children = (
				80806B372B1FDCE8005367A7 /* FlockPocket.xcdatamodel */,
			);
			currentVersion = 80806B372B1FDCE8005367A7 /* FlockPocket.xcdatamodel */;
			path = FlockPocket.xcdatamodeld;
			sourceTree = "<group>";
			versionGroupType = wrapper.xcdatamodel;
		};
/* End XCVersionGroup section */
	};
	rootObject = 80806B202B1FDCE6005367A7 /* Project object */;
}
